
Microsoft Visual Studio Solution File, Format Version 12.00
# Visual Studio Version 17
VisualStudioVersion = 17.12.35527.113
MinimumVisualStudioVersion = 10.0.40219.1
Project("{FAE04EC0-301F-11D3-BF4B-00C04F79EFBC}") = "SMG.Desktop", "SMG.Desktop.csproj", "{E713F2FB-C605-4963-B999-49DD8B346731}"
EndProject
Project("{2150E333-8FDC-42A3-9474-1A3956D46DE8}") = "Lib", "Lib", "{3DD510EC-B81A-4C65-B7D3-23DFF25187E0}"
EndProject
Project("{2150E333-8FDC-42A3-9474-1A3956D46DE8}") = "Common", "Common", "{B4599653-14B4-4925-BA17-EC67271D1E1A}"
EndProject
Project("{FAE04EC0-301F-11D3-BF4B-00C04F79EFBC}") = "SMG.LoadPlugin", "Common\SMG.LoadPlugin\SMG.LoadPlugin.csproj", "{4ABA40E8-0182-4783-8FF2-0716732C18A0}"
EndProject
Project("{FAE04EC0-301F-11D3-BF4B-00C04F79EFBC}") = "SMG.Plugins", "Common\SMG.Plugins\SMG.Plugins.csproj", "{54222257-2EEC-433D-B2B2-D954088AECAB}"
EndProject
Project("{FAE04EC0-301F-11D3-BF4B-00C04F79EFBC}") = "SMG.Models", "Lib\SMG.Models\SMG.Models.csproj", "{2E1F2B1E-6D8F-4DE8-9943-4556F04F7793}"
EndProject
Project("{FAE04EC0-301F-11D3-BF4B-00C04F79EFBC}") = "SMG.Logging", "Lib\SMG.Logging\SMG.Logging.csproj", "{D5DD42ED-BF26-401C-82BA-EBE17598DFB5}"
EndProject
Project("{2150E333-8FDC-42A3-9474-1A3956D46DE8}") = "UC", "UC", "{8D1A7219-9489-4DD6-9375-C22D0140A6B5}"
EndProject
Project("{FAE04EC0-301F-11D3-BF4B-00C04F79EFBC}") = "SMG.UC.MainContent", "UC\SMG.UC.MainContent\SMG.UC.MainContent.csproj", "{F50E7EC7-6934-4E96-B165-D85921229CDA}"
EndProject
Project("{FAE04EC0-301F-11D3-BF4B-00C04F79EFBC}") = "SMG.DBConfig", "Lib\SMG.DBConfig\SMG.DBConfig.csproj", "{5CE07F00-28D1-429E-8963-E3D3572C533C}"
EndProject
Project("{FAE04EC0-301F-11D3-BF4B-00C04F79EFBC}") = "SMG.UC.AccountInfomation", "UC\SMG.UC.AccountInfomation\SMG.UC.AccountInfomation.csproj", "{25ED5893-53F2-4D67-907D-6C92270067C5}"
EndProject
Project("{2150E333-8FDC-42A3-9474-1A3956D46DE8}") = "Plugins", "Plugins", "{4D3CBA5F-0837-4468-9ED5-B3D7815BBF1C}"
EndProject
Project("{FAE04EC0-301F-11D3-BF4B-00C04F79EFBC}") = "SMG.Plugins.Login", "Plugins\SMG.Plugins.Login\SMG.Plugins.Login.csproj", "{735BCC3A-AA6D-4821-9430-126D4D950745}"
EndProject
Project("{2150E333-8FDC-42A3-9474-1A3956D46DE8}") = "ADO", "ADO", "{F0371346-39B5-4802-926F-8508C75B911D}"
EndProject
Project("{FAE04EC0-301F-11D3-BF4B-00C04F79EFBC}") = "SMG.ADO", "ADO\SMG.ADO\SMG.ADO.csproj", "{93101A3F-0695-4485-9738-BB5BB99070DE}"
EndProject
Project("{FAE04EC0-301F-11D3-BF4B-00C04F79EFBC}") = "SMG.TokenManager", "Common\SMG.TokenManager\SMG.TokenManager.csproj", "{266053FD-C61D-4C70-A30A-F19D51ECABB0}"
EndProject
Project("{FAE04EC0-301F-11D3-BF4B-00C04F79EFBC}") = "SMG.Plugins.ListPlugin", "Plugins\SMG.Plugins.ListPlugin\SMG.Plugins.ListPlugin.csproj", "{CA942FBC-111B-4025-B7BC-742920FA17ED}"
EndProject
Project("{2150E333-8FDC-42A3-9474-1A3956D46DE8}") = "FakeAPI", "FakeAPI", "{80B0B6F6-E52A-43C2-9EED-9AAC31E78D87}"
EndProject
Project("{FAE04EC0-301F-11D3-BF4B-00C04F79EFBC}") = "SMG.DB.Helpper", "api\SMG.DB.Helpper\SMG.DB.Helpper.csproj", "{DE6801F0-C974-4F59-B58D-FEA66E9286B9}"
EndProject
Project("{FAE04EC0-301F-11D3-BF4B-00C04F79EFBC}") = "SMG.DateTimeHelpper", "Lib\SMG.DateTimeHelpper\SMG.DateTimeHelpper.csproj", "{20DF19B4-AC09-4737-B3BB-E4044DAB4AF8}"
EndProject
Project("{FAE04EC0-301F-11D3-BF4B-00C04F79EFBC}") = "SMG.GlobalVariables", "Common\SMG.GlobalVariables\SMG.GlobalVariables.csproj", "{90C8AAA3-31B7-45CF-8933-17C8BB4717AA}"
EndProject
Global
	GlobalSection(SolutionConfigurationPlatforms) = preSolution
		Debug|Any CPU = Debug|Any CPU
		Release|Any CPU = Release|Any CPU
	EndGlobalSection
	GlobalSection(ProjectConfigurationPlatforms) = postSolution
		{E713F2FB-C605-4963-B999-49DD8B346731}.Debug|Any CPU.ActiveCfg = Debug|Any CPU
		{E713F2FB-C605-4963-B999-49DD8B346731}.Debug|Any CPU.Build.0 = Debug|Any CPU
		{E713F2FB-C605-4963-B999-49DD8B346731}.Release|Any CPU.ActiveCfg = Release|Any CPU
		{E713F2FB-C605-4963-B999-49DD8B346731}.Release|Any CPU.Build.0 = Release|Any CPU
		{4ABA40E8-0182-4783-8FF2-0716732C18A0}.Debug|Any CPU.ActiveCfg = Debug|Any CPU
		{4ABA40E8-0182-4783-8FF2-0716732C18A0}.Debug|Any CPU.Build.0 = Debug|Any CPU
		{4ABA40E8-0182-4783-8FF2-0716732C18A0}.Release|Any CPU.ActiveCfg = Release|Any CPU
		{4ABA40E8-0182-4783-8FF2-0716732C18A0}.Release|Any CPU.Build.0 = Release|Any CPU
		{54222257-2EEC-433D-B2B2-D954088AECAB}.Debug|Any CPU.ActiveCfg = Debug|Any CPU
		{54222257-2EEC-433D-B2B2-D954088AECAB}.Debug|Any CPU.Build.0 = Debug|Any CPU
		{54222257-2EEC-433D-B2B2-D954088AECAB}.Release|Any CPU.ActiveCfg = Release|Any CPU
		{54222257-2EEC-433D-B2B2-D954088AECAB}.Release|Any CPU.Build.0 = Release|Any CPU
		{2E1F2B1E-6D8F-4DE8-9943-4556F04F7793}.Debug|Any CPU.ActiveCfg = Debug|Any CPU
		{2E1F2B1E-6D8F-4DE8-9943-4556F04F7793}.Debug|Any CPU.Build.0 = Debug|Any CPU
		{2E1F2B1E-6D8F-4DE8-9943-4556F04F7793}.Release|Any CPU.ActiveCfg = Release|Any CPU
		{2E1F2B1E-6D8F-4DE8-9943-4556F04F7793}.Release|Any CPU.Build.0 = Release|Any CPU
		{D5DD42ED-BF26-401C-82BA-EBE17598DFB5}.Debug|Any CPU.ActiveCfg = Debug|Any CPU
		{D5DD42ED-BF26-401C-82BA-EBE17598DFB5}.Debug|Any CPU.Build.0 = Debug|Any CPU
		{D5DD42ED-BF26-401C-82BA-EBE17598DFB5}.Release|Any CPU.ActiveCfg = Release|Any CPU
		{D5DD42ED-BF26-401C-82BA-EBE17598DFB5}.Release|Any CPU.Build.0 = Release|Any CPU
		{F50E7EC7-6934-4E96-B165-D85921229CDA}.Debug|Any CPU.ActiveCfg = Debug|Any CPU
		{F50E7EC7-6934-4E96-B165-D85921229CDA}.Debug|Any CPU.Build.0 = Debug|Any CPU
		{F50E7EC7-6934-4E96-B165-D85921229CDA}.Release|Any CPU.ActiveCfg = Release|Any CPU
		{F50E7EC7-6934-4E96-B165-D85921229CDA}.Release|Any CPU.Build.0 = Release|Any CPU
		{5CE07F00-28D1-429E-8963-E3D3572C533C}.Debug|Any CPU.ActiveCfg = Debug|Any CPU
		{5CE07F00-28D1-429E-8963-E3D3572C533C}.Debug|Any CPU.Build.0 = Debug|Any CPU
		{5CE07F00-28D1-429E-8963-E3D3572C533C}.Release|Any CPU.ActiveCfg = Release|Any CPU
		{5CE07F00-28D1-429E-8963-E3D3572C533C}.Release|Any CPU.Build.0 = Release|Any CPU
		{25ED5893-53F2-4D67-907D-6C92270067C5}.Debug|Any CPU.ActiveCfg = Debug|Any CPU
		{25ED5893-53F2-4D67-907D-6C92270067C5}.Debug|Any CPU.Build.0 = Debug|Any CPU
		{25ED5893-53F2-4D67-907D-6C92270067C5}.Release|Any CPU.ActiveCfg = Release|Any CPU
		{25ED5893-53F2-4D67-907D-6C92270067C5}.Release|Any CPU.Build.0 = Release|Any CPU
		{735BCC3A-AA6D-4821-9430-126D4D950745}.Debug|Any CPU.ActiveCfg = Debug|Any CPU
		{735BCC3A-AA6D-4821-9430-126D4D950745}.Debug|Any CPU.Build.0 = Debug|Any CPU
		{735BCC3A-AA6D-4821-9430-126D4D950745}.Release|Any CPU.ActiveCfg = Release|Any CPU
		{735BCC3A-AA6D-4821-9430-126D4D950745}.Release|Any CPU.Build.0 = Release|Any CPU
		{93101A3F-0695-4485-9738-BB5BB99070DE}.Debug|Any CPU.ActiveCfg = Debug|Any CPU
		{93101A3F-0695-4485-9738-BB5BB99070DE}.Debug|Any CPU.Build.0 = Debug|Any CPU
		{93101A3F-0695-4485-9738-BB5BB99070DE}.Release|Any CPU.ActiveCfg = Release|Any CPU
		{93101A3F-0695-4485-9738-BB5BB99070DE}.Release|Any CPU.Build.0 = Release|Any CPU
		{266053FD-C61D-4C70-A30A-F19D51ECABB0}.Debug|Any CPU.ActiveCfg = Debug|Any CPU
		{266053FD-C61D-4C70-A30A-F19D51ECABB0}.Debug|Any CPU.Build.0 = Debug|Any CPU
		{266053FD-C61D-4C70-A30A-F19D51ECABB0}.Release|Any CPU.ActiveCfg = Release|Any CPU
		{266053FD-C61D-4C70-A30A-F19D51ECABB0}.Release|Any CPU.Build.0 = Release|Any CPU
		{CA942FBC-111B-4025-B7BC-742920FA17ED}.Debug|Any CPU.ActiveCfg = Debug|Any CPU
		{CA942FBC-111B-4025-B7BC-742920FA17ED}.Debug|Any CPU.Build.0 = Debug|Any CPU
		{CA942FBC-111B-4025-B7BC-742920FA17ED}.Release|Any CPU.ActiveCfg = Release|Any CPU
		{CA942FBC-111B-4025-B7BC-742920FA17ED}.Release|Any CPU.Build.0 = Release|Any CPU
		{DE6801F0-C974-4F59-B58D-FEA66E9286B9}.Debug|Any CPU.ActiveCfg = Debug|Any CPU
		{DE6801F0-C974-4F59-B58D-FEA66E9286B9}.Debug|Any CPU.Build.0 = Debug|Any CPU
		{DE6801F0-C974-4F59-B58D-FEA66E9286B9}.Release|Any CPU.ActiveCfg = Release|Any CPU
		{DE6801F0-C974-4F59-B58D-FEA66E9286B9}.Release|Any CPU.Build.0 = Release|Any CPU
		{20DF19B4-AC09-4737-B3BB-E4044DAB4AF8}.Debug|Any CPU.ActiveCfg = Debug|Any CPU
		{20DF19B4-AC09-4737-B3BB-E4044DAB4AF8}.Debug|Any CPU.Build.0 = Debug|Any CPU
		{20DF19B4-AC09-4737-B3BB-E4044DAB4AF8}.Release|Any CPU.ActiveCfg = Release|Any CPU
		{20DF19B4-AC09-4737-B3BB-E4044DAB4AF8}.Release|Any CPU.Build.0 = Release|Any CPU
		{90C8AAA3-31B7-45CF-8933-17C8BB4717AA}.Debug|Any CPU.ActiveCfg = Debug|Any CPU
		{90C8AAA3-31B7-45CF-8933-17C8BB4717AA}.Debug|Any CPU.Build.0 = Debug|Any CPU
		{90C8AAA3-31B7-45CF-8933-17C8BB4717AA}.Release|Any CPU.ActiveCfg = Release|Any CPU
		{90C8AAA3-31B7-45CF-8933-17C8BB4717AA}.Release|Any CPU.Build.0 = Release|Any CPU
	EndGlobalSection
	GlobalSection(SolutionProperties) = preSolution
		HideSolutionNode = FALSE
	EndGlobalSection
	GlobalSection(NestedProjects) = preSolution
		{4ABA40E8-0182-4783-8FF2-0716732C18A0} = {B4599653-14B4-4925-BA17-EC67271D1E1A}
		{54222257-2EEC-433D-B2B2-D954088AECAB} = {B4599653-14B4-4925-BA17-EC67271D1E1A}
		{2E1F2B1E-6D8F-4DE8-9943-4556F04F7793} = {3DD510EC-B81A-4C65-B7D3-23DFF25187E0}
		{D5DD42ED-BF26-401C-82BA-EBE17598DFB5} = {3DD510EC-B81A-4C65-B7D3-23DFF25187E0}
		{F50E7EC7-6934-4E96-B165-D85921229CDA} = {8D1A7219-9489-4DD6-9375-C22D0140A6B5}
		{5CE07F00-28D1-429E-8963-E3D3572C533C} = {B4599653-14B4-4925-BA17-EC67271D1E1A}
		{25ED5893-53F2-4D67-907D-6C92270067C5} = {8D1A7219-9489-4DD6-9375-C22D0140A6B5}
		{735BCC3A-AA6D-4821-9430-126D4D950745} = {4D3CBA5F-0837-4468-9ED5-B3D7815BBF1C}
		{93101A3F-0695-4485-9738-BB5BB99070DE} = {F0371346-39B5-4802-926F-8508C75B911D}
		{266053FD-C61D-4C70-A30A-F19D51ECABB0} = {B4599653-14B4-4925-BA17-EC67271D1E1A}
		{CA942FBC-111B-4025-B7BC-742920FA17ED} = {4D3CBA5F-0837-4468-9ED5-B3D7815BBF1C}
		{DE6801F0-C974-4F59-B58D-FEA66E9286B9} = {80B0B6F6-E52A-43C2-9EED-9AAC31E78D87}
		{20DF19B4-AC09-4737-B3BB-E4044DAB4AF8} = {3DD510EC-B81A-4C65-B7D3-23DFF25187E0}
		{90C8AAA3-31B7-45CF-8933-17C8BB4717AA} = {B4599653-14B4-4925-BA17-EC67271D1E1A}
	EndGlobalSection
EndGlobal
